PODS:
  - AFNetworking (4.0.1):
    - AFNetworking/NSURLSession (= 4.0.1)
    - AFNetworking/Reachability (= 4.0.1)
    - AFNetworking/Security (= 4.0.1)
    - AFNetworking/Serialization (= 4.0.1)
    - AFNetworking/UIKit (= 4.0.1)
  - AFNetworking/NSURLSession (4.0.1):
    - AFNetworking/Reachability
    - AFNetworking/Security
    - AFNetworking/Serialization
  - AFNetworking/Reachability (4.0.1)
  - AFNetworking/Security (4.0.1)
  - AFNetworking/Serialization (4.0.1)
  - AFNetworking/UIKit (4.0.1):
    - AFNetworking/NSURLSession
  - FBAllocationTracker (0.1.5)
  - FBMemoryProfiler (0.1.3):
    - FBAllocationTracker (~> 0.1)
    - FBRetainCycleDetector (~> 0.1)
  - FBRetainCycleDetector (0.1.4)
  - LMJDropdownMenu (3.0.4)
  - LookinServer (1.1.1):
    - LookinServer/Core (= 1.1.1)
  - LookinServer/Core (1.1.1)
  - Masonry (1.1.0)
  - MBProgressHUD (1.2.0)
  - OpenCV (4.3.0)
  - SDWebImage (5.14.2):
    - SDWebImage/Core (= 5.14.2)
  - SDWebImage/Core (5.14.2)
  - SSZipArchive (2.4.3)
  - SwipeCellKit (2.7.1)
  - TZImagePickerController (3.8.3):
    - TZImagePickerController/Basic (= 3.8.3)
    - TZImagePickerController/Location (= 3.8.3)
  - TZImagePickerController/Basic (3.8.3)
  - TZImagePickerController/Location (3.8.3)

DEPENDENCIES:
  - AFNetworking
  - FBMemoryProfiler
  - LMJDropdownMenu
  - LookinServer
  - Masonry
  - MBProgressHUD
  - OpenCV
  - SDWebImage
  - SSZipArchive
  - SwipeCellKit
  - TZImagePickerController

SPEC REPOS:
  trunk:
    - AFNetworking
    - FBAllocationTracker
    - FBMemoryProfiler
    - FBRetainCycleDetector
    - LMJDropdownMenu
    - LookinServer
    - Masonry
    - MBProgressHUD
    - OpenCV
    - SDWebImage
    - SSZipArchive
    - SwipeCellKit
    - TZImagePickerController

SPEC CHECKSUMS:
  AFNetworking: 3bd23d814e976cd148d7d44c3ab78017b744cd58
  FBAllocationTracker: dfdca3f71aceca6a85e95e3c6ec76a9785eba0f1
  FBMemoryProfiler: 623fc5f8a61f7d02ec75c87e3b97c90f621d8b02
  FBRetainCycleDetector: 46f8179bbb1c587deee3ea838a1a3ee02acf5015
  LMJDropdownMenu: 50c74e9d50a480c290fec47eb575826861d0823b
  LookinServer: 21ed9135f3a098eee84836067c4708b01b1609d7
  Masonry: 678fab65091a9290e40e2832a55e7ab731aad201
  MBProgressHUD: 3ee5efcc380f6a79a7cc9b363dd669c5e1ae7406
  OpenCV: 681e0451c1e54c5930a8922277f817ed5d5ab459
  SDWebImage: b9a731e1d6307f44ca703b3976d18c24ca561e84
  SSZipArchive: fe6a26b2a54d5a0890f2567b5cc6de5caa600aef
  SwipeCellKit: 3972254a826da74609926daf59b08d6c72e619ea
  TZImagePickerController: e9909edbadf7381140efc5b5c9f5bdbfd630f7d4

PODFILE CHECKSUM: 9d786725ec000cb4d51d666218cdfb7602adb418

COCOAPODS: 1.15.2
